
Microsoft Visual Studio Solution File, Format Version 12.00
# Visual Studio Version 16
VisualStudioVersion = 16.0.29911.84
MinimumVisualStudioVersion = 10.0.40219.1
Project("{FAE04EC0-301F-11D3-BF4B-00C04F79EFBC}") = "Task5", "Lab6\Task5\Task5.csproj", "{A3FFAA6A-6BA7-4A7A-8FBD-7688686CD516}"
EndProject
Project("{FAE04EC0-301F-11D3-BF4B-00C04F79EFBC}") = "Task5th", "Task5th\Task5th.csproj", "{62C1076D-F0D4-4C61-A093-658F8823D3C5}"
EndProject
Global
	GlobalSection(SolutionConfigurationPlatforms) = preSolution
		Debug|Any CPU = Debug|Any CPU
		Release|Any CPU = Release|Any CPU
	EndGlobalSection
	GlobalSection(ProjectConfigurationPlatforms) = postSolution
		{A3FFAA6A-6BA7-4A7A-8FBD-7688686CD516}.Debug|Any CPU.ActiveCfg = Debug|Any CPU
		{A3FFAA6A-6BA7-4A7A-8FBD-7688686CD516}.Debug|Any CPU.Build.0 = Debug|Any CPU
		{A3FFAA6A-6BA7-4A7A-8FBD-7688686CD516}.Release|Any CPU.ActiveCfg = Release|Any CPU
		{A3FFAA6A-6BA7-4A7A-8FBD-7688686CD516}.Release|Any CPU.Build.0 = Release|Any CPU
		{62C1076D-F0D4-4C61-A093-658F8823D3C5}.Debug|Any CPU.ActiveCfg = Debug|Any CPU
		{62C1076D-F0D4-4C61-A093-658F8823D3C5}.Debug|Any CPU.Build.0 = Debug|Any CPU
		{62C1076D-F0D4-4C61-A093-658F8823D3C5}.Release|Any CPU.ActiveCfg = Release|Any CPU
		{62C1076D-F0D4-4C61-A093-658F8823D3C5}.Release|Any CPU.Build.0 = Release|Any CPU
	EndGlobalSection
	GlobalSection(SolutionProperties) = preSolution
		HideSolutionNode = FALSE
	EndGlobalSection
	GlobalSection(ExtensibilityGlobals) = postSolution
		SolutionGuid = {291E93F1-2C9A-4972-A24C-DF380B0A5AF3}
	EndGlobalSection
EndGlobal
