
Microsoft Visual Studio Solution File, Format Version 12.00
# Visual Studio Version 16
VisualStudioVersion = 16.0.29613.14
MinimumVisualStudioVersion = 10.0.40219.1
Project("{FAE04EC0-301F-11D3-BF4B-00C04F79EFBC}") = "Task1", "Task1\Task1.csproj", "{D2CA2F56-B131-429E-A708-D90DC739E7F4}"
EndProject
Project("{FAE04EC0-301F-11D3-BF4B-00C04F79EFBC}") = "Task2", "Task2\Task2.csproj", "{632CDC58-B568-4B1E-8E67-7FFD40D32CB5}"
EndProject
Project("{FAE04EC0-301F-11D3-BF4B-00C04F79EFBC}") = "Task3", "Task3\Task3.csproj", "{3271A1A8-22BF-4682-8BE4-2FC1CC10E447}"
EndProject
Project("{FAE04EC0-301F-11D3-BF4B-00C04F79EFBC}") = "Task4", "Task4\Task4.csproj", "{970A9DFE-BE4B-4A83-BDB4-475D3E1FC192}"
EndProject
Project("{FAE04EC0-301F-11D3-BF4B-00C04F79EFBC}") = "Task5", "Task5\Task5.csproj", "{CF2000EC-6031-4F55-BD6E-D1127AE79407}"
EndProject
Project("{FAE04EC0-301F-11D3-BF4B-00C04F79EFBC}") = "Task6", "Task6\Task6.csproj", "{9AC18A9B-D22C-4322-BA4D-98B89DFA7725}"
EndProject
Global
	GlobalSection(SolutionConfigurationPlatforms) = preSolution
		Debug|Any CPU = Debug|Any CPU
		Release|Any CPU = Release|Any CPU
	EndGlobalSection
	GlobalSection(ProjectConfigurationPlatforms) = postSolution
		{D2CA2F56-B131-429E-A708-D90DC739E7F4}.Debug|Any CPU.ActiveCfg = Debug|Any CPU
		{D2CA2F56-B131-429E-A708-D90DC739E7F4}.Debug|Any CPU.Build.0 = Debug|Any CPU
		{D2CA2F56-B131-429E-A708-D90DC739E7F4}.Release|Any CPU.ActiveCfg = Release|Any CPU
		{D2CA2F56-B131-429E-A708-D90DC739E7F4}.Release|Any CPU.Build.0 = Release|Any CPU
		{632CDC58-B568-4B1E-8E67-7FFD40D32CB5}.Debug|Any CPU.ActiveCfg = Debug|Any CPU
		{632CDC58-B568-4B1E-8E67-7FFD40D32CB5}.Debug|Any CPU.Build.0 = Debug|Any CPU
		{632CDC58-B568-4B1E-8E67-7FFD40D32CB5}.Release|Any CPU.ActiveCfg = Release|Any CPU
		{632CDC58-B568-4B1E-8E67-7FFD40D32CB5}.Release|Any CPU.Build.0 = Release|Any CPU
		{3271A1A8-22BF-4682-8BE4-2FC1CC10E447}.Debug|Any CPU.ActiveCfg = Debug|Any CPU
		{3271A1A8-22BF-4682-8BE4-2FC1CC10E447}.Debug|Any CPU.Build.0 = Debug|Any CPU
		{3271A1A8-22BF-4682-8BE4-2FC1CC10E447}.Release|Any CPU.ActiveCfg = Release|Any CPU
		{3271A1A8-22BF-4682-8BE4-2FC1CC10E447}.Release|Any CPU.Build.0 = Release|Any CPU
		{970A9DFE-BE4B-4A83-BDB4-475D3E1FC192}.Debug|Any CPU.ActiveCfg = Debug|Any CPU
		{970A9DFE-BE4B-4A83-BDB4-475D3E1FC192}.Debug|Any CPU.Build.0 = Debug|Any CPU
		{970A9DFE-BE4B-4A83-BDB4-475D3E1FC192}.Release|Any CPU.ActiveCfg = Release|Any CPU
		{970A9DFE-BE4B-4A83-BDB4-475D3E1FC192}.Release|Any CPU.Build.0 = Release|Any CPU
		{CF2000EC-6031-4F55-BD6E-D1127AE79407}.Debug|Any CPU.ActiveCfg = Debug|Any CPU
		{CF2000EC-6031-4F55-BD6E-D1127AE79407}.Debug|Any CPU.Build.0 = Debug|Any CPU
		{CF2000EC-6031-4F55-BD6E-D1127AE79407}.Release|Any CPU.ActiveCfg = Release|Any CPU
		{CF2000EC-6031-4F55-BD6E-D1127AE79407}.Release|Any CPU.Build.0 = Release|Any CPU
		{9AC18A9B-D22C-4322-BA4D-98B89DFA7725}.Debug|Any CPU.ActiveCfg = Debug|Any CPU
		{9AC18A9B-D22C-4322-BA4D-98B89DFA7725}.Debug|Any CPU.Build.0 = Debug|Any CPU
		{9AC18A9B-D22C-4322-BA4D-98B89DFA7725}.Release|Any CPU.ActiveCfg = Release|Any CPU
		{9AC18A9B-D22C-4322-BA4D-98B89DFA7725}.Release|Any CPU.Build.0 = Release|Any CPU
	EndGlobalSection
	GlobalSection(SolutionProperties) = preSolution
		HideSolutionNode = FALSE
	EndGlobalSection
	GlobalSection(ExtensibilityGlobals) = postSolution
		SolutionGuid = {643F4177-182D-4943-9879-484DA5769CAC}
	EndGlobalSection
EndGlobal
