
Microsoft Visual Studio Solution File, Format Version 12.00
# Visual Studio Version 16
VisualStudioVersion = 16.0.29613.14
MinimumVisualStudioVersion = 10.0.40219.1
Project("{FAE04EC0-301F-11D3-BF4B-00C04F79EFBC}") = "Task1", "Lab1\Task1.csproj", "{F59A89DD-BE32-4766-8059-153882658F4B}"
EndProject
Project("{FAE04EC0-301F-11D3-BF4B-00C04F79EFBC}") = "Task2", "Task2\Task2.csproj", "{35F47AC0-4C55-48BE-A53E-BF5C7DB1ACBB}"
EndProject
Project("{FAE04EC0-301F-11D3-BF4B-00C04F79EFBC}") = "Task3", "Task3\Task3.csproj", "{82992896-52CE-4074-BBA2-C19ED508BBD7}"
EndProject
Project("{FAE04EC0-301F-11D3-BF4B-00C04F79EFBC}") = "Task4", "Task4\Task4.csproj", "{5F582B05-BAD3-479D-9CCA-92C2758860E5}"
EndProject
Project("{FAE04EC0-301F-11D3-BF4B-00C04F79EFBC}") = "Task5", "Task5\Task5.csproj", "{59D54F2B-0BA2-4396-BD24-8C108E50C808}"
EndProject
Project("{FAE04EC0-301F-11D3-BF4B-00C04F79EFBC}") = "Task6", "Task6\Task6.csproj", "{F4C5F38C-3D32-4FD7-A638-BC502B37F403}"
EndProject
Project("{FAE04EC0-301F-11D3-BF4B-00C04F79EFBC}") = "Task7", "Task7\Task7.csproj", "{ECA40351-42C4-4E09-978D-C40E2E4F5F2B}"
EndProject
Project("{FAE04EC0-301F-11D3-BF4B-00C04F79EFBC}") = "Task8", "Task8\Task8.csproj", "{5AB7CE98-1EC6-4ABD-8AE8-B3B7A154FF20}"
EndProject
Project("{FAE04EC0-301F-11D3-BF4B-00C04F79EFBC}") = "TaskExtra", "TaskExtra\TaskExtra.csproj", "{8D3E95C7-0441-4545-949C-2E16C15AF40B}"
EndProject
Global
	GlobalSection(SolutionConfigurationPlatforms) = preSolution
		Debug|Any CPU = Debug|Any CPU
		Release|Any CPU = Release|Any CPU
	EndGlobalSection
	GlobalSection(ProjectConfigurationPlatforms) = postSolution
		{F59A89DD-BE32-4766-8059-153882658F4B}.Debug|Any CPU.ActiveCfg = Debug|Any CPU
		{F59A89DD-BE32-4766-8059-153882658F4B}.Debug|Any CPU.Build.0 = Debug|Any CPU
		{F59A89DD-BE32-4766-8059-153882658F4B}.Release|Any CPU.ActiveCfg = Release|Any CPU
		{F59A89DD-BE32-4766-8059-153882658F4B}.Release|Any CPU.Build.0 = Release|Any CPU
		{35F47AC0-4C55-48BE-A53E-BF5C7DB1ACBB}.Debug|Any CPU.ActiveCfg = Debug|Any CPU
		{35F47AC0-4C55-48BE-A53E-BF5C7DB1ACBB}.Debug|Any CPU.Build.0 = Debug|Any CPU
		{35F47AC0-4C55-48BE-A53E-BF5C7DB1ACBB}.Release|Any CPU.ActiveCfg = Release|Any CPU
		{35F47AC0-4C55-48BE-A53E-BF5C7DB1ACBB}.Release|Any CPU.Build.0 = Release|Any CPU
		{82992896-52CE-4074-BBA2-C19ED508BBD7}.Debug|Any CPU.ActiveCfg = Debug|Any CPU
		{82992896-52CE-4074-BBA2-C19ED508BBD7}.Debug|Any CPU.Build.0 = Debug|Any CPU
		{82992896-52CE-4074-BBA2-C19ED508BBD7}.Release|Any CPU.ActiveCfg = Release|Any CPU
		{82992896-52CE-4074-BBA2-C19ED508BBD7}.Release|Any CPU.Build.0 = Release|Any CPU
		{5F582B05-BAD3-479D-9CCA-92C2758860E5}.Debug|Any CPU.ActiveCfg = Debug|Any CPU
		{5F582B05-BAD3-479D-9CCA-92C2758860E5}.Debug|Any CPU.Build.0 = Debug|Any CPU
		{5F582B05-BAD3-479D-9CCA-92C2758860E5}.Release|Any CPU.ActiveCfg = Release|Any CPU
		{5F582B05-BAD3-479D-9CCA-92C2758860E5}.Release|Any CPU.Build.0 = Release|Any CPU
		{59D54F2B-0BA2-4396-BD24-8C108E50C808}.Debug|Any CPU.ActiveCfg = Debug|Any CPU
		{59D54F2B-0BA2-4396-BD24-8C108E50C808}.Debug|Any CPU.Build.0 = Debug|Any CPU
		{59D54F2B-0BA2-4396-BD24-8C108E50C808}.Release|Any CPU.ActiveCfg = Release|Any CPU
		{59D54F2B-0BA2-4396-BD24-8C108E50C808}.Release|Any CPU.Build.0 = Release|Any CPU
		{F4C5F38C-3D32-4FD7-A638-BC502B37F403}.Debug|Any CPU.ActiveCfg = Debug|Any CPU
		{F4C5F38C-3D32-4FD7-A638-BC502B37F403}.Debug|Any CPU.Build.0 = Debug|Any CPU
		{F4C5F38C-3D32-4FD7-A638-BC502B37F403}.Release|Any CPU.ActiveCfg = Release|Any CPU
		{F4C5F38C-3D32-4FD7-A638-BC502B37F403}.Release|Any CPU.Build.0 = Release|Any CPU
		{ECA40351-42C4-4E09-978D-C40E2E4F5F2B}.Debug|Any CPU.ActiveCfg = Debug|Any CPU
		{ECA40351-42C4-4E09-978D-C40E2E4F5F2B}.Debug|Any CPU.Build.0 = Debug|Any CPU
		{ECA40351-42C4-4E09-978D-C40E2E4F5F2B}.Release|Any CPU.ActiveCfg = Release|Any CPU
		{ECA40351-42C4-4E09-978D-C40E2E4F5F2B}.Release|Any CPU.Build.0 = Release|Any CPU
		{5AB7CE98-1EC6-4ABD-8AE8-B3B7A154FF20}.Debug|Any CPU.ActiveCfg = Debug|Any CPU
		{5AB7CE98-1EC6-4ABD-8AE8-B3B7A154FF20}.Debug|Any CPU.Build.0 = Debug|Any CPU
		{5AB7CE98-1EC6-4ABD-8AE8-B3B7A154FF20}.Release|Any CPU.ActiveCfg = Release|Any CPU
		{5AB7CE98-1EC6-4ABD-8AE8-B3B7A154FF20}.Release|Any CPU.Build.0 = Release|Any CPU
		{8D3E95C7-0441-4545-949C-2E16C15AF40B}.Debug|Any CPU.ActiveCfg = Debug|Any CPU
		{8D3E95C7-0441-4545-949C-2E16C15AF40B}.Debug|Any CPU.Build.0 = Debug|Any CPU
		{8D3E95C7-0441-4545-949C-2E16C15AF40B}.Release|Any CPU.ActiveCfg = Release|Any CPU
		{8D3E95C7-0441-4545-949C-2E16C15AF40B}.Release|Any CPU.Build.0 = Release|Any CPU
	EndGlobalSection
	GlobalSection(SolutionProperties) = preSolution
		HideSolutionNode = FALSE
	EndGlobalSection
	GlobalSection(ExtensibilityGlobals) = postSolution
		SolutionGuid = {F14DCF8F-4781-4155-8E71-48F7A86C7769}
	EndGlobalSection
EndGlobal
