
Microsoft Visual Studio Solution File, Format Version 12.00
# Visual Studio Version 16
VisualStudioVersion = 16.0.29613.14
MinimumVisualStudioVersion = 10.0.40219.1
Project("{FAE04EC0-301F-11D3-BF4B-00C04F79EFBC}") = "Task1", "Task1\Task1.csproj", "{1043EDB8-FB7E-424F-B2E7-5F5A6B9EC2EB}"
EndProject
Project("{FAE04EC0-301F-11D3-BF4B-00C04F79EFBC}") = "Task2", "Task2\Task2.csproj", "{8BE86B5E-D37B-4A60-BC1B-CEF3DEA10D66}"
EndProject
Project("{FAE04EC0-301F-11D3-BF4B-00C04F79EFBC}") = "Task3", "Task3\Task3.csproj", "{06F35FE6-D3CC-4C6F-8ABB-1D97D3127325}"
EndProject
Project("{FAE04EC0-301F-11D3-BF4B-00C04F79EFBC}") = "Task4", "Task4\Task4.csproj", "{2EBC6D0C-D86F-42D0-A9D6-E9C7271627FE}"
EndProject
Project("{FAE04EC0-301F-11D3-BF4B-00C04F79EFBC}") = "Task5", "Task5\Task5.csproj", "{3ADC4DEC-1349-469F-AB57-845828C63DB1}"
EndProject
Project("{FAE04EC0-301F-11D3-BF4B-00C04F79EFBC}") = "Task6", "Task6\Task6.csproj", "{1CCB84F2-3DFB-4E5B-AF44-016286C77C7A}"
EndProject
Project("{FAE04EC0-301F-11D3-BF4B-00C04F79EFBC}") = "Task7", "Task7\Task7.csproj", "{5A2814E9-E31C-4238-9F2C-0BA358A8B3B0}"
EndProject
Project("{FAE04EC0-301F-11D3-BF4B-00C04F79EFBC}") = "Task8", "Task8\Task8.csproj", "{B697C346-87B3-4430-B167-2810FAACB8AE}"
EndProject
Project("{FAE04EC0-301F-11D3-BF4B-00C04F79EFBC}") = "Task9", "Task9\Task9.csproj", "{37C83F95-8AD2-40B9-8044-27CCDEFD463F}"
EndProject
Project("{FAE04EC0-301F-11D3-BF4B-00C04F79EFBC}") = "Task10", "Task10\Task10.csproj", "{FE143CA0-E867-487F-924A-3A43FFF320ED}"
EndProject
Project("{FAE04EC0-301F-11D3-BF4B-00C04F79EFBC}") = "Task11", "Task11\Task11.csproj", "{A095C8ED-F121-417F-BD67-52C6CAEE2902}"
EndProject
Global
	GlobalSection(SolutionConfigurationPlatforms) = preSolution
		Debug|Any CPU = Debug|Any CPU
		Release|Any CPU = Release|Any CPU
	EndGlobalSection
	GlobalSection(ProjectConfigurationPlatforms) = postSolution
		{1043EDB8-FB7E-424F-B2E7-5F5A6B9EC2EB}.Debug|Any CPU.ActiveCfg = Debug|Any CPU
		{1043EDB8-FB7E-424F-B2E7-5F5A6B9EC2EB}.Debug|Any CPU.Build.0 = Debug|Any CPU
		{1043EDB8-FB7E-424F-B2E7-5F5A6B9EC2EB}.Release|Any CPU.ActiveCfg = Release|Any CPU
		{1043EDB8-FB7E-424F-B2E7-5F5A6B9EC2EB}.Release|Any CPU.Build.0 = Release|Any CPU
		{8BE86B5E-D37B-4A60-BC1B-CEF3DEA10D66}.Debug|Any CPU.ActiveCfg = Debug|Any CPU
		{8BE86B5E-D37B-4A60-BC1B-CEF3DEA10D66}.Debug|Any CPU.Build.0 = Debug|Any CPU
		{8BE86B5E-D37B-4A60-BC1B-CEF3DEA10D66}.Release|Any CPU.ActiveCfg = Release|Any CPU
		{8BE86B5E-D37B-4A60-BC1B-CEF3DEA10D66}.Release|Any CPU.Build.0 = Release|Any CPU
		{06F35FE6-D3CC-4C6F-8ABB-1D97D3127325}.Debug|Any CPU.ActiveCfg = Debug|Any CPU
		{06F35FE6-D3CC-4C6F-8ABB-1D97D3127325}.Debug|Any CPU.Build.0 = Debug|Any CPU
		{06F35FE6-D3CC-4C6F-8ABB-1D97D3127325}.Release|Any CPU.ActiveCfg = Release|Any CPU
		{06F35FE6-D3CC-4C6F-8ABB-1D97D3127325}.Release|Any CPU.Build.0 = Release|Any CPU
		{2EBC6D0C-D86F-42D0-A9D6-E9C7271627FE}.Debug|Any CPU.ActiveCfg = Debug|Any CPU
		{2EBC6D0C-D86F-42D0-A9D6-E9C7271627FE}.Debug|Any CPU.Build.0 = Debug|Any CPU
		{2EBC6D0C-D86F-42D0-A9D6-E9C7271627FE}.Release|Any CPU.ActiveCfg = Release|Any CPU
		{2EBC6D0C-D86F-42D0-A9D6-E9C7271627FE}.Release|Any CPU.Build.0 = Release|Any CPU
		{3ADC4DEC-1349-469F-AB57-845828C63DB1}.Debug|Any CPU.ActiveCfg = Debug|Any CPU
		{3ADC4DEC-1349-469F-AB57-845828C63DB1}.Debug|Any CPU.Build.0 = Debug|Any CPU
		{3ADC4DEC-1349-469F-AB57-845828C63DB1}.Release|Any CPU.ActiveCfg = Release|Any CPU
		{3ADC4DEC-1349-469F-AB57-845828C63DB1}.Release|Any CPU.Build.0 = Release|Any CPU
		{1CCB84F2-3DFB-4E5B-AF44-016286C77C7A}.Debug|Any CPU.ActiveCfg = Debug|Any CPU
		{1CCB84F2-3DFB-4E5B-AF44-016286C77C7A}.Debug|Any CPU.Build.0 = Debug|Any CPU
		{1CCB84F2-3DFB-4E5B-AF44-016286C77C7A}.Release|Any CPU.ActiveCfg = Release|Any CPU
		{1CCB84F2-3DFB-4E5B-AF44-016286C77C7A}.Release|Any CPU.Build.0 = Release|Any CPU
		{5A2814E9-E31C-4238-9F2C-0BA358A8B3B0}.Debug|Any CPU.ActiveCfg = Debug|Any CPU
		{5A2814E9-E31C-4238-9F2C-0BA358A8B3B0}.Debug|Any CPU.Build.0 = Debug|Any CPU
		{5A2814E9-E31C-4238-9F2C-0BA358A8B3B0}.Release|Any CPU.ActiveCfg = Release|Any CPU
		{5A2814E9-E31C-4238-9F2C-0BA358A8B3B0}.Release|Any CPU.Build.0 = Release|Any CPU
		{B697C346-87B3-4430-B167-2810FAACB8AE}.Debug|Any CPU.ActiveCfg = Debug|Any CPU
		{B697C346-87B3-4430-B167-2810FAACB8AE}.Debug|Any CPU.Build.0 = Debug|Any CPU
		{B697C346-87B3-4430-B167-2810FAACB8AE}.Release|Any CPU.ActiveCfg = Release|Any CPU
		{B697C346-87B3-4430-B167-2810FAACB8AE}.Release|Any CPU.Build.0 = Release|Any CPU
		{37C83F95-8AD2-40B9-8044-27CCDEFD463F}.Debug|Any CPU.ActiveCfg = Debug|Any CPU
		{37C83F95-8AD2-40B9-8044-27CCDEFD463F}.Debug|Any CPU.Build.0 = Debug|Any CPU
		{37C83F95-8AD2-40B9-8044-27CCDEFD463F}.Release|Any CPU.ActiveCfg = Release|Any CPU
		{37C83F95-8AD2-40B9-8044-27CCDEFD463F}.Release|Any CPU.Build.0 = Release|Any CPU
		{FE143CA0-E867-487F-924A-3A43FFF320ED}.Debug|Any CPU.ActiveCfg = Debug|Any CPU
		{FE143CA0-E867-487F-924A-3A43FFF320ED}.Debug|Any CPU.Build.0 = Debug|Any CPU
		{FE143CA0-E867-487F-924A-3A43FFF320ED}.Release|Any CPU.ActiveCfg = Release|Any CPU
		{FE143CA0-E867-487F-924A-3A43FFF320ED}.Release|Any CPU.Build.0 = Release|Any CPU
		{A095C8ED-F121-417F-BD67-52C6CAEE2902}.Debug|Any CPU.ActiveCfg = Debug|Any CPU
		{A095C8ED-F121-417F-BD67-52C6CAEE2902}.Debug|Any CPU.Build.0 = Debug|Any CPU
		{A095C8ED-F121-417F-BD67-52C6CAEE2902}.Release|Any CPU.ActiveCfg = Release|Any CPU
		{A095C8ED-F121-417F-BD67-52C6CAEE2902}.Release|Any CPU.Build.0 = Release|Any CPU
	EndGlobalSection
	GlobalSection(SolutionProperties) = preSolution
		HideSolutionNode = FALSE
	EndGlobalSection
	GlobalSection(ExtensibilityGlobals) = postSolution
		SolutionGuid = {90440B62-4735-4C1F-8394-0E01A93FC593}
	EndGlobalSection
EndGlobal
